// !$*UTF8*$!
{
	archiveVersion = 1;
	classes = {
	};
	objectVersion = 46;
	objects = {

/* Begin PBXBuildFile section */
		6E2571DD4C07CBEF8117E53C /* Pods_esparta_ninja.framework in Frameworks */ = {isa = PBXBuildFile; fileRef = 4DE6B9CD5D580FA62AB3AF26 /* Pods_esparta_ninja.framework */; };
		D1A5D5F21D88D41F00FA424D /* AppDelegate.swift in Sources */ = {isa = PBXBuildFile; fileRef = D1A5D5F11D88D41F00FA424D /* AppDelegate.swift */; };
		D1A5D5F41D88D41F00FA424D /* ViewController.swift in Sources */ = {isa = PBXBuildFile; fileRef = D1A5D5F31D88D41F00FA424D /* ViewController.swift */; };
		D1A5D5F71D88D41F00FA424D /* Main.storyboard in Resources */ = {isa = PBXBuildFile; fileRef = D1A5D5F51D88D41F00FA424D /* Main.storyboard */; };
		D1A5D5F91D88D41F00FA424D /* Assets.xcassets in Resources */ = {isa = PBXBuildFile; fileRef = D1A5D5F81D88D41F00FA424D /* Assets.xcassets */; };
		D1A5D5FC1D88D41F00FA424D /* LaunchScreen.storyboard in Resources */ = {isa = PBXBuildFile; fileRef = D1A5D5FA1D88D41F00FA424D /* LaunchScreen.storyboard */; };
/* End PBXBuildFile section */

/* Begin PBXFileReference section */
		04116A5F6F3B60509B8428FE /* Pods-esparta-ninja.debug.xcconfig */ = {isa = PBXFileReference; includeInIndex = 1; lastKnownFileType = text.xcconfig; name = "Pods-esparta-ninja.debug.xcconfig"; path = "Pods/Target Support Files/Pods-esparta-ninja/Pods-esparta-ninja.debug.xcconfig"; sourceTree = "<group>"; };
		4DE6B9CD5D580FA62AB3AF26 /* Pods_esparta_ninja.framework */ = {isa = PBXFileReference; explicitFileType = wrapper.framework; includeInIndex = 0; path = Pods_esparta_ninja.framework; sourceTree = BUILT_PRODUCTS_DIR; };
		A7D7EF209194734E9158B0CD /* Pods-esparta-ninja.release.xcconfig */ = {isa = PBXFileReference; includeInIndex = 1; lastKnownFileType = text.xcconfig; name = "Pods-esparta-ninja.release.xcconfig"; path = "Pods/Target Support Files/Pods-esparta-ninja/Pods-esparta-ninja.release.xcconfig"; sourceTree = "<group>"; };
		D1A5D5EE1D88D41F00FA424D /* esparta-ninja.app */ = {isa = PBXFileReference; explicitFileType = wrapper.application; includeInIndex = 0; path = "esparta-ninja.app"; sourceTree = BUILT_PRODUCTS_DIR; };
		D1A5D5F11D88D41F00FA424D /* AppDelegate.swift */ = {isa = PBXFileReference; lastKnownFileType = sourcecode.swift; path = AppDelegate.swift; sourceTree = "<group>"; };
		D1A5D5F31D88D41F00FA424D /* ViewController.swift */ = {isa = PBXFileReference; lastKnownFileType = sourcecode.swift; path = ViewController.swift; sourceTree = "<group>"; };
		D1A5D5F61D88D41F00FA424D /* Base */ = {isa = PBXFileReference; lastKnownFileType = file.storyboard; name = Base; path = Base.lproj/Main.storyboard; sourceTree = "<group>"; };
		D1A5D5F81D88D41F00FA424D /* Assets.xcassets */ = {isa = PBXFileReference; lastKnownFileType = folder.assetcatalog; path = Assets.xcassets; sourceTree = "<group>"; };
		D1A5D5FB1D88D41F00FA424D /* Base */ = {isa = PBXFileReference; lastKnownFileType = file.storyboard; name = Base; path = Base.lproj/LaunchScreen.storyboard; sourceTree = "<group>"; };
		D1A5D5FD1D88D41F00FA424D /* Info.plist */ = {isa = PBXFileReference; lastKnownFileType = text.plist.xml; path = Info.plist; sourceTree = "<group>"; };
/* End PBXFileReference section */

/* Begin PBXFrameworksBuildPhase section */
		D1A5D5EB1D88D41F00FA424D /* Frameworks */ = {
			isa = PBXFrameworksBuildPhase;
			buildActionMask = 2147483647;
			files = (
				6E2571DD4C07CBEF8117E53C /* Pods_esparta_ninja.framework in Frameworks */,
			);
			runOnlyForDeploymentPostprocessing = 0;
		};
/* End PBXFrameworksBuildPhase section */

/* Begin PBXGroup section */
		D1A5D5E51D88D41F00FA424D = {
			isa = PBXGroup;
			children = (
				D1A5D5F01D88D41F00FA424D /* esparta-ninja */,
				D1A5D5EF1D88D41F00FA424D /* Products */,
				EE9FC6638C505042F4AF7A3D /* Pods */,
				E0B6BFEC60E89D428C7BB95F /* Frameworks */,
			);
			sourceTree = "<group>";
		};
		D1A5D5EF1D88D41F00FA424D /* Products */ = {
			isa = PBXGroup;
			children = (
				D1A5D5EE1D88D41F00FA424D /* esparta-ninja.app */,
			);
			name = Products;
			sourceTree = "<group>";
		};
		D1A5D5F01D88D41F00FA424D /* esparta-ninja */ = {
			isa = PBXGroup;
			children = (
				D1A5D5F11D88D41F00FA424D /* AppDelegate.swift */,
				D1A5D5F31D88D41F00FA424D /* ViewController.swift */,
				D1A5D5F51D88D41F00FA424D /* Main.storyboard */,
				D1A5D5F81D88D41F00FA424D /* Assets.xcassets */,
				D1A5D5FA1D88D41F00FA424D /* LaunchScreen.storyboard */,
				D1A5D5FD1D88D41F00FA424D /* Info.plist */,
			);
			path = "esparta-ninja";
			sourceTree = "<group>";
		};
		E0B6BFEC60E89D428C7BB95F /* Frameworks */ = {
			isa = PBXGroup;
			children = (
				4DE6B9CD5D580FA62AB3AF26 /* Pods_esparta_ninja.framework */,
			);
			name = Frameworks;
			sourceTree = "<group>";
		};
		EE9FC6638C505042F4AF7A3D /* Pods */ = {
			isa = PBXGroup;
			children = (
				04116A5F6F3B60509B8428FE /* Pods-esparta-ninja.debug.xcconfig */,
				A7D7EF209194734E9158B0CD /* Pods-esparta-ninja.release.xcconfig */,
			);
			name = Pods;
			sourceTree = "<group>";
		};
/* End PBXGroup section */

/* Begin PBXNativeTarget section */
		D1A5D5ED1D88D41F00FA424D /* esparta-ninja */ = {
			isa = PBXNativeTarget;
			buildConfigurationList = D1A5D6001D88D41F00FA424D /* Build configuration list for PBXNativeTarget "esparta-ninja" */;
			buildPhases = (
				589AC7E073AABCAA4C686A0B /* [CP] Check Pods Manifest.lock */,
				D1A5D5EA1D88D41F00FA424D /* Sources */,
				D1A5D5EB1D88D41F00FA424D /* Frameworks */,
				D1A5D5EC1D88D41F00FA424D /* Resources */,
				CF9C9A3048FEA75E81BF98F6 /* [CP] Embed Pods Frameworks */,
				4E1435905FDF120603136C92 /* [CP] Copy Pods Resources */,
				D1A5D6031D88E2C600FA424D /* ShellScript */,
			);
			buildRules = (
			);
			dependencies = (
			);
			name = "esparta-ninja";
			productName = "esparta-ninja";
			productReference = D1A5D5EE1D88D41F00FA424D /* esparta-ninja.app */;
			productType = "com.apple.product-type.application";
		};
/* End PBXNativeTarget section */

/* Begin PBXProject section */
		D1A5D5E61D88D41F00FA424D /* Project object */ = {
			isa = PBXProject;
			attributes = {
				LastSwiftUpdateCheck = 0730;
				LastUpgradeCheck = 0730;
				ORGANIZATIONNAME = esparta;
				TargetAttributes = {
					D1A5D5ED1D88D41F00FA424D = {
						CreatedOnToolsVersion = 7.3.1;
					};
				};
			};
			buildConfigurationList = D1A5D5E91D88D41F00FA424D /* Build configuration list for PBXProject "esparta-ninja" */;
			compatibilityVersion = "Xcode 3.2";
			developmentRegion = English;
			hasScannedForEncodings = 0;
			knownRegions = (
				en,
				Base,
			);
			mainGroup = D1A5D5E51D88D41F00FA424D;
			productRefGroup = D1A5D5EF1D88D41F00FA424D /* Products */;
			projectDirPath = "";
			projectRoot = "";
			targets = (
				D1A5D5ED1D88D41F00FA424D /* esparta-ninja */,
			);
		};
/* End PBXProject section */

/* Begin PBXResourcesBuildPhase section */
		D1A5D5EC1D88D41F00FA424D /* Resources */ = {
			isa = PBXResourcesBuildPhase;
			buildActionMask = 2147483647;
			files = (
				D1A5D5FC1D88D41F00FA424D /* LaunchScreen.storyboard in Resources */,
				D1A5D5F91D88D41F00FA424D /* Assets.xcassets in Resources */,
				D1A5D5F71D88D41F00FA424D /* Main.storyboard in Resources */,
			);
			runOnlyForDeploymentPostprocessing = 0;
		};
/* End PBXResourcesBuildPhase section */

/* Begin PBXShellScriptBuildPhase section */
		4E1435905FDF120603136C92 /* [CP] Copy Pods Resources */ = {
			isa = PBXShellScriptBuildPhase;
			buildActionMask = 2147483647;
			files = (
			);
			inputPaths = (
			);
			name = "[CP] Copy Pods Resources";
			outputPaths = (
			);
			runOnlyForDeploymentPostprocessing = 0;
			shellPath = /bin/sh;
			shellScript = "\"${SRCROOT}/Pods/Target Support Files/Pods-esparta-ninja/Pods-esparta-ninja-resources.sh\"\n";
			showEnvVarsInLog = 0;
		};
		589AC7E073AABCAA4C686A0B /* [CP] Check Pods Manifest.lock */ = {
			isa = PBXShellScriptBuildPhase;
			buildActionMask = 2147483647;
			files = (
			);
			inputPaths = (
			);
			name = "[CP] Check Pods Manifest.lock";
			outputPaths = (
			);
			runOnlyForDeploymentPostprocessing = 0;
			shellPath = /bin/sh;
			shellScript = "diff \"${PODS_ROOT}/../Podfile.lock\" \"${PODS_ROOT}/Manifest.lock\" > /dev/null\nif [[ $? != 0 ]] ; then\n    cat << EOM\nerror: The sandbox is not in sync with the Podfile.lock. Run 'pod install' or update your CocoaPods installation.\nEOM\n    exit 1\nfi\n";
			showEnvVarsInLog = 0;
		};
		CF9C9A3048FEA75E81BF98F6 /* [CP] Embed Pods Frameworks */ = {
			isa = PBXShellScriptBuildPhase;
			buildActionMask = 2147483647;
			files = (
			);
			inputPaths = (
			);
			name = "[CP] Embed Pods Frameworks";
			outputPaths = (
			);
			runOnlyForDeploymentPostprocessing = 0;
			shellPath = /bin/sh;
			shellScript = "\"${SRCROOT}/Pods/Target Support Files/Pods-esparta-ninja/Pods-esparta-ninja-frameworks.sh\"\n";
			showEnvVarsInLog = 0;
		};
		D1A5D6031D88E2C600FA424D /* ShellScript */ = {
			isa = PBXShellScriptBuildPhase;
			buildActionMask = 2147483647;
			files = (
			);
			inputPaths = (
			);
			outputPaths = (
			);
			runOnlyForDeploymentPostprocessing = 0;
			shellPath = /bin/sh;
			shellScript = "\"${PODS_ROOT}/Fabric/run\" 8382bfd3c9c59a468310fe80892b0f6e666c1c33 7229488462f7b621187ef2046889927e5fc0ac660997a13ced995ae79f8b45d0";
		};
/* End PBXShellScriptBuildPhase section */

/* Begin PBXSourcesBuildPhase section */
		D1A5D5EA1D88D41F00FA424D /* Sources */ = {
			isa = PBXSourcesBuildPhase;
			buildActionMask = 2147483647;
			files = (
				D1A5D5F41D88D41F00FA424D /* ViewController.swift in Sources */,
				D1A5D5F21D88D41F00FA424D /* AppDelegate.swift in Sources */,
			);
			runOnlyForDeploymentPostprocessing = 0;
		};
/* End PBXSourcesBuildPhase section */

/* Begin PBXVariantGroup section */
		D1A5D5F51D88D41F00FA424D /* Main.storyboard */ = {
			isa = PBXVariantGroup;
			children = (
				D1A5D5F61D88D41F00FA424D /* Base */,
			);
			name = Main.storyboard;
			sourceTree = "<group>";
		};
		D1A5D5FA1D88D41F00FA424D /* LaunchScreen.storyboard */ = {
			isa = PBXVariantGroup;
			children = (
				D1A5D5FB1D88D41F00FA424D /* Base */,
			);
			name = LaunchScreen.storyboard;
			sourceTree = "<group>";
		};
/* End PBXVariantGroup section */

/* Begin XCBuildConfiguration section */
		D1A5D5FE1D88D41F00FA424D /* Debug */ = {
			isa = XCBuildConfiguration;
			buildSettings = {
				ALWAYS_SEARCH_USER_PATHS = NO;
				CLANG_ANALYZER_NONNULL = YES;
				CLANG_CXX_LANGUAGE_STANDARD = "gnu++0x";
				CLANG_CXX_LIBRARY = "libc++";
				CLANG_ENABLE_MODULES = YES;
				CLANG_ENABLE_OBJC_ARC = YES;
				CLANG_WARN_BOOL_CONVERSION = YES;
				CLANG_WARN_CONSTANT_CONVERSION = YES;
				CLANG_WARN_DIRECT_OBJC_ISA_USAGE = YES_ERROR;
				CLANG_WARN_EMPTY_BODY = YES;
				CLANG_WARN_ENUM_CONVERSION = YES;
				CLANG_WARN_INT_CONVERSION = YES;
				CLANG_WARN_OBJC_ROOT_CLASS = YES_ERROR;
				CLANG_WARN_UNREACHABLE_CODE = YES;
				CLANG_WARN__DUPLICATE_METHOD_MATCH = YES;
				"CODE_SIGN_IDENTITY[sdk=iphoneos*]" = "iPhone Developer";
				COPY_PHASE_STRIP = NO;
				DEBUG_INFORMATION_FORMAT = dwarf;
				ENABLE_STRICT_OBJC_MSGSEND = YES;
				ENABLE_TESTABILITY = YES;
				GCC_C_LANGUAGE_STANDARD = gnu99;
				GCC_DYNAMIC_NO_PIC = NO;
				GCC_NO_COMMON_BLOCKS = YES;
				GCC_OPTIMIZATION_LEVEL = 0;
				GCC_PREPROCESSOR_DEFINITIONS = (
					"DEBUG=1",
					"$(inherited)",
				);
				GCC_WARN_64_TO_32_BIT_CONVERSION = YES;
				GCC_WARN_ABOUT_RETURN_TYPE = YES_ERROR;
				GCC_WARN_UNDECLARED_SELECTOR = YES;
				GCC_WARN_UNINITIALIZED_AUTOS = YES_AGGRESSIVE;
				GCC_WARN_UNUSED_FUNCTION = YES;
				GCC_WARN_UNUSED_VARIABLE = YES;
				IPHONEOS_DEPLOYMENT_TARGET = 9.3;
				MTL_ENABLE_DEBUG_INFO = YES;
				ONLY_ACTIVE_ARCH = YES;
				SDKROOT = iphoneos;
				SWIFT_OPTIMIZATION_LEVEL = "-Onone";
			};
			name = Debug;
		};
		D1A5D5FF1D88D41F00FA424D /* Release */ = {
			isa = XCBuildConfiguration;
			buildSettings = {
				ALWAYS_SEARCH_USER_PATHS = NO;
				CLANG_ANALYZER_NONNULL = YES;
				CLANG_CXX_LANGUAGE_STANDARD = "gnu++0x";
				CLANG_CXX_LIBRARY = "libc++";
				CLANG_ENABLE_MODULES = YES;
				CLANG_ENABLE_OBJC_ARC = YES;
				CLANG_WARN_BOOL_CONVERSION = YES;
				CLANG_WARN_CONSTANT_CONVERSION = YES;
				CLANG_WARN_DIRECT_OBJC_ISA_USAGE = YES_ERROR;
				CLANG_WARN_EMPTY_BODY = YES;
				CLANG_WARN_ENUM_CONVERSION = YES;
				CLANG_WARN_INT_CONVERSION = YES;
				CLANG_WARN_OBJC_ROOT_CLASS = YES_ERROR;
				CLANG_WARN_UNREACHABLE_CODE = YES;
				CLANG_WARN__DUPLICATE_METHOD_MATCH = YES;
				"CODE_SIGN_IDENTITY[sdk=iphoneos*]" = "iPhone Developer";
				COPY_PHASE_STRIP = NO;
				DEBUG_INFORMATION_FORMAT = "dwarf-with-dsym";
				ENABLE_NS_ASSERTIONS = NO;
				ENABLE_STRICT_OBJC_MSGSEND = YES;
				GCC_C_LANGUAGE_STANDARD = gnu99;
				GCC_NO_COMMON_BLOCKS = YES;
				GCC_WARN_64_TO_32_BIT_CONVERSION = YES;
				GCC_WARN_ABOUT_RETURN_TYPE = YES_ERROR;
				GCC_WARN_UNDECLARED_SELECTOR = YES;
				GCC_WARN_UNINITIALIZED_AUTOS = YES_AGGRESSIVE;
				GCC_WARN_UNUSED_FUNCTION = YES;
				GCC_WARN_UNUSED_VARIABLE = YES;
				IPHONEOS_DEPLOYMENT_TARGET = 9.3;
				MTL_ENABLE_DEBUG_INFO = NO;
				SDKROOT = iphoneos;
				VALIDATE_PRODUCT = YES;
			};
			name = Release;
		};
		D1A5D6011D88D41F00FA424D /* Debug */ = {
			isa = XCBuildConfiguration;
			baseConfigurationReference = 04116A5F6F3B60509B8428FE /* Pods-esparta-ninja.debug.xcconfig */;
			buildSettings = {
				ASSETCATALOG_COMPILER_APPICON_NAME = AppIcon;
				CODE_SIGN_IDENTITY = "iPhone Developer";
				INFOPLIST_FILE = "esparta-ninja/Info.plist";
				IPHONEOS_DEPLOYMENT_TARGET = 8.0;
				LD_RUNPATH_SEARCH_PATHS = "$(inherited) @executable_path/Frameworks";
				PRODUCT_BUNDLE_IDENTIFIER = "io.esparta.ninja.esparta-ninja";
				PRODUCT_NAME = "$(TARGET_NAME)";
				PROVISIONING_PROFILE = "${sigh_tools.fastlane.app_development}";
			};
			name = Debug;
		};
		D1A5D6021D88D41F00FA424D /* Release */ = {
			isa = XCBuildConfiguration;
			baseConfigurationReference = A7D7EF209194734E9158B0CD /* Pods-esparta-ninja.release.xcconfig */;
			buildSettings = {
				ASSETCATALOG_COMPILER_APPICON_NAME = AppIcon;
				CODE_SIGN_IDENTITY = "iPhone Developer";
				INFOPLIST_FILE = "esparta-ninja/Info.plist";
				IPHONEOS_DEPLOYMENT_TARGET = 8.0;
				LD_RUNPATH_SEARCH_PATHS = "$(inherited) @executable_path/Frameworks";
				PRODUCT_BUNDLE_IDENTIFIER = "io.esparta.ninja.esparta-ninja";
				PRODUCT_NAME = "$(TARGET_NAME)";
				PROVISIONING_PROFILE = "${sigh_tools.fastlane.app_development}";
			};
			name = Release;
		};
/* End XCBuildConfiguration section */

/* Begin XCConfigurationList section */
		D1A5D5E91D88D41F00FA424D /* Build configuration list for PBXProject "esparta-ninja" */ = {
			isa = XCConfigurationList;
			buildConfigurations = (
				D1A5D5FE1D88D41F00FA424D /* Debug */,
				D1A5D5FF1D88D41F00FA424D /* Release */,
			);
			defaultConfigurationIsVisible = 0;
			defaultConfigurationName = Release;
		};
		D1A5D6001D88D41F00FA424D /* Build configuration list for PBXNativeTarget "esparta-ninja" */ = {
			isa = XCConfigurationList;
			buildConfigurations = (
				D1A5D6011D88D41F00FA424D /* Debug */,
				D1A5D6021D88D41F00FA424D /* Release */,
			);
			defaultConfigurationIsVisible = 0;
			defaultConfigurationName = Release;
		};
/* End XCConfigurationList section */
	};
	rootObject = D1A5D5E61D88D41F00FA424D /* Project object */;
}
